{
  "name": "tough-cookie-electron-store",
  "version": "0.0.7",
  "lockfileVersion": 1,
  "requires": true,
  "dependencies": {
    "clone": {
      "version": "2.1.1",
      "resolved": "https://registry.npmjs.org/clone/-/clone-2.1.1.tgz",
      "integrity": "sha1-0hfR6WERjjrJpLi7oyhVU79kfNs="
    },
    "electron-settings": {
      "version": "3.1.4",
      "resolved": "https://registry.npmjs.org/electron-settings/-/electron-settings-3.1.4.tgz",
      "integrity": "sha512-5AVJGE7+5Fwbui3PKs365vp/vGVpGGXlN1elBx/hAXVazmAtbY2jS0DOD7fBsVxzgCUiRCtR3tQvTF4cYLq/Sw==",
      "requires": {
        "clone": "2.1.1",
        "jsonfile": "4.0.0"
      }
    },
    "graceful-fs": {
      "version": "4.1.11",
      "resolved": "https://registry.npmjs.org/graceful-fs/-/graceful-fs-4.1.11.tgz",
      "integrity": "sha1-Dovf5NHduIVNZOBOp8AOKgJuVlg=",
      "optional": true
    },
    "jsonfile": {
      "version": "4.0.0",
      "resolved": "https://registry.npmjs.org/jsonfile/-/jsonfile-4.0.0.tgz",
      "integrity": "sha1-h3Gq4HmbZAdrdmQPygWPnBDjPss=",
      "requires": {
        "graceful-fs": "4.1.11"
      }
    },
    "punycode": {
      "version": "1.4.1",
      "resolved": "https://registry.npmjs.org/punycode/-/punycode-1.4.1.tgz",
      "integrity": "sha1-wNWmOycYgArY4esPpSachN1BhF4="
    },
    "tough-cookie": {
      "version": "2.3.4",
      "resolved": "https://registry.npmjs.org/tough-cookie/-/tough-cookie-2.3.4.tgz",
      "integrity": "sha512-TZ6TTfI5NtZnuyy/Kecv+CnoROnyXn2DN97LontgQpCwsX2XyLYCC0ENhYkehSOwAp8rTQKc/NUIF7BkQ5rKLA==",
      "requires": {
        "punycode": "1.4.1"
      }
    },
    "tough-cookie-filestore": {
      "version": "0.0.1",
      "resolved": "https://registry.npmjs.org/tough-cookie-filestore/-/tough-cookie-filestore-0.0.1.tgz",
      "integrity": "sha1-C/IwjtKTpQugcz7X1iiWAUhVcLY=",
      "dev": true,
      "requires": {
        "tough-cookie": "0.12.1"
      },
      "dependencies": {
        "tough-cookie": {
          "version": "0.12.1",
          "resolved": "https://registry.npmjs.org/tough-cookie/-/tough-cookie-0.12.1.tgz",
          "integrity": "sha1-giDH4hq9WxPZaAQlS9WoHr8sfWI=",
          "dev": true,
          "requires": {
            "punycode": "1.4.1"
          }
        }
      }
    }
  }
}
